
Microsoft Visual Studio Solution File, Format Version 12.00
# Visual Studio Version 17
VisualStudioVersion = 17.7.34221.43
MinimumVisualStudioVersion = 10.0.40219.1
Project("{9A19103F-16F7-4668-BE54-9A1E7A4F7556}") = "01_ReverseStrings", "01_ReverseStrings\01_ReverseStrings.csproj", "{B0DC7507-D5FA-46B3-9D5B-25F05EE73264}"
EndProject
Project("{9A19103F-16F7-4668-BE54-9A1E7A4F7556}") = "02_RepeatStrings", "02\02_RepeatStrings.csproj", "{78ADDB5E-4C9B-40B9-B479-A52C91A865D3}"
EndProject
Project("{9A19103F-16F7-4668-BE54-9A1E7A4F7556}") = "03_Substring", "03_Substring\03_Substring.csproj", "{4609D70A-4DAA-4811-8DDB-BD622E165B00}"
EndProject
Project("{9A19103F-16F7-4668-BE54-9A1E7A4F7556}") = "04_TextFilter", "04_TextFilter\04_TextFilter.csproj", "{46F43510-CC61-4E83-90F6-ADEA7EF5F307}"
EndProject
Project("{FAE04EC0-301F-11D3-BF4B-00C04F79EFBC}") = "05_DigitLeterOther", "05_DigitLeterOther\05_DigitLeterOther.csproj", "{93E6AC5D-497F-42FE-969D-E51CA26377E0}"
EndProject
Global
	GlobalSection(SolutionConfigurationPlatforms) = preSolution
		Debug|Any CPU = Debug|Any CPU
		Release|Any CPU = Release|Any CPU
	EndGlobalSection
	GlobalSection(ProjectConfigurationPlatforms) = postSolution
		{B0DC7507-D5FA-46B3-9D5B-25F05EE73264}.Debug|Any CPU.ActiveCfg = Debug|Any CPU
		{B0DC7507-D5FA-46B3-9D5B-25F05EE73264}.Debug|Any CPU.Build.0 = Debug|Any CPU
		{B0DC7507-D5FA-46B3-9D5B-25F05EE73264}.Release|Any CPU.ActiveCfg = Release|Any CPU
		{B0DC7507-D5FA-46B3-9D5B-25F05EE73264}.Release|Any CPU.Build.0 = Release|Any CPU
		{78ADDB5E-4C9B-40B9-B479-A52C91A865D3}.Debug|Any CPU.ActiveCfg = Debug|Any CPU
		{78ADDB5E-4C9B-40B9-B479-A52C91A865D3}.Debug|Any CPU.Build.0 = Debug|Any CPU
		{78ADDB5E-4C9B-40B9-B479-A52C91A865D3}.Release|Any CPU.ActiveCfg = Release|Any CPU
		{78ADDB5E-4C9B-40B9-B479-A52C91A865D3}.Release|Any CPU.Build.0 = Release|Any CPU
		{4609D70A-4DAA-4811-8DDB-BD622E165B00}.Debug|Any CPU.ActiveCfg = Debug|Any CPU
		{4609D70A-4DAA-4811-8DDB-BD622E165B00}.Debug|Any CPU.Build.0 = Debug|Any CPU
		{4609D70A-4DAA-4811-8DDB-BD622E165B00}.Release|Any CPU.ActiveCfg = Release|Any CPU
		{4609D70A-4DAA-4811-8DDB-BD622E165B00}.Release|Any CPU.Build.0 = Release|Any CPU
		{46F43510-CC61-4E83-90F6-ADEA7EF5F307}.Debug|Any CPU.ActiveCfg = Debug|Any CPU
		{46F43510-CC61-4E83-90F6-ADEA7EF5F307}.Debug|Any CPU.Build.0 = Debug|Any CPU
		{46F43510-CC61-4E83-90F6-ADEA7EF5F307}.Release|Any CPU.ActiveCfg = Release|Any CPU
		{46F43510-CC61-4E83-90F6-ADEA7EF5F307}.Release|Any CPU.Build.0 = Release|Any CPU
		{93E6AC5D-497F-42FE-969D-E51CA26377E0}.Debug|Any CPU.ActiveCfg = Debug|Any CPU
		{93E6AC5D-497F-42FE-969D-E51CA26377E0}.Debug|Any CPU.Build.0 = Debug|Any CPU
		{93E6AC5D-497F-42FE-969D-E51CA26377E0}.Release|Any CPU.ActiveCfg = Release|Any CPU
		{93E6AC5D-497F-42FE-969D-E51CA26377E0}.Release|Any CPU.Build.0 = Release|Any CPU
	EndGlobalSection
	GlobalSection(SolutionProperties) = preSolution
		HideSolutionNode = FALSE
	EndGlobalSection
	GlobalSection(ExtensibilityGlobals) = postSolution
		SolutionGuid = {5DFDBCC1-1D0C-4CD0-8AEE-CB18A2524868}
	EndGlobalSection
EndGlobal
